
Microsoft Visual Studio Solution File, Format Version 12.00
# Visual Studio Version 17
VisualStudioVersion = 17.7.34202.233
MinimumVisualStudioVersion = 10.0.40219.1
Project("{8BC9CEB8-8B4A-11D0-8D11-00A0C91BC942}") = "PCHealth", "PCHealth\PCHealth.vcxproj", "{ED3E1AA7-36B6-4841-816C-05F907221ED6}"
EndProject
Global
	GlobalSection(SolutionConfigurationPlatforms) = preSolution
		Debug|ARM64 = Debug|ARM64
		Debug|x64 = Debug|x64
		Debug|x86 = Debug|x86
		Release|ARM64 = Release|ARM64
		Release|x64 = Release|x64
		Release|x86 = Release|x86
	EndGlobalSection
	GlobalSection(ProjectConfigurationPlatforms) = postSolution
		{ED3E1AA7-36B6-4841-816C-05F907221ED6}.Debug|ARM64.ActiveCfg = Debug|ARM64
		{ED3E1AA7-36B6-4841-816C-05F907221ED6}.Debug|ARM64.Build.0 = Debug|ARM64
		{ED3E1AA7-36B6-4841-816C-05F907221ED6}.Debug|ARM64.Deploy.0 = Debug|ARM64
		{ED3E1AA7-36B6-4841-816C-05F907221ED6}.Debug|x64.ActiveCfg = Debug|x64
		{ED3E1AA7-36B6-4841-816C-05F907221ED6}.Debug|x64.Build.0 = Debug|x64
		{ED3E1AA7-36B6-4841-816C-05F907221ED6}.Debug|x64.Deploy.0 = Debug|x64
		{ED3E1AA7-36B6-4841-816C-05F907221ED6}.Debug|x86.ActiveCfg = Debug|Win32
		{ED3E1AA7-36B6-4841-816C-05F907221ED6}.Debug|x86.Build.0 = Debug|Win32
		{ED3E1AA7-36B6-4841-816C-05F907221ED6}.Debug|x86.Deploy.0 = Debug|Win32
		{ED3E1AA7-36B6-4841-816C-05F907221ED6}.Release|ARM64.ActiveCfg = Release|ARM64
		{ED3E1AA7-36B6-4841-816C-05F907221ED6}.Release|ARM64.Build.0 = Release|ARM64
		{ED3E1AA7-36B6-4841-816C-05F907221ED6}.Release|ARM64.Deploy.0 = Release|ARM64
		{ED3E1AA7-36B6-4841-816C-05F907221ED6}.Release|x64.ActiveCfg = Release|x64
		{ED3E1AA7-36B6-4841-816C-05F907221ED6}.Release|x64.Build.0 = Release|x64
		{ED3E1AA7-36B6-4841-816C-05F907221ED6}.Release|x64.Deploy.0 = Release|x64
		{ED3E1AA7-36B6-4841-816C-05F907221ED6}.Release|x86.ActiveCfg = Release|Win32
		{ED3E1AA7-36B6-4841-816C-05F907221ED6}.Release|x86.Build.0 = Release|Win32
		{ED3E1AA7-36B6-4841-816C-05F907221ED6}.Release|x86.Deploy.0 = Release|Win32
	EndGlobalSection
	GlobalSection(SolutionProperties) = preSolution
		HideSolutionNode = FALSE
	EndGlobalSection
	GlobalSection(ExtensibilityGlobals) = postSolution
		SolutionGuid = {AAC31941-BE3F-4130-BF6B-0740A9B6962E}
	EndGlobalSection
EndGlobal
